
Microsoft Visual Studio Solution File, Format Version 12.00
# Visual Studio Version 17
VisualStudioVersion = 17.13.35919.96 d17.13
MinimumVisualStudioVersion = 10.0.40219.1
Project("{FAE04EC0-301F-11D3-BF4B-00C04F79EFBC}") = "CS_Variables", "CS_Variables\CS_Variables.csproj", "{CF1B99B8-A5B9-42B7-B437-A61418DE1143}"
EndProject
Global
	GlobalSection(SolutionConfigurationPlatforms) = preSolution
		Debug|Any CPU = Debug|Any CPU
		Release|Any CPU = Release|Any CPU
	EndGlobalSection
	GlobalSection(ProjectConfigurationPlatforms) = postSolution
		{CF1B99B8-A5B9-42B7-B437-A61418DE1143}.Debug|Any CPU.ActiveCfg = Debug|Any CPU
		{CF1B99B8-A5B9-42B7-B437-A61418DE1143}.Debug|Any CPU.Build.0 = Debug|Any CPU
		{CF1B99B8-A5B9-42B7-B437-A61418DE1143}.Release|Any CPU.ActiveCfg = Release|Any CPU
		{CF1B99B8-A5B9-42B7-B437-A61418DE1143}.Release|Any CPU.Build.0 = Release|Any CPU
	EndGlobalSection
	GlobalSection(SolutionProperties) = preSolution
		HideSolutionNode = FALSE
	EndGlobalSection
	GlobalSection(ExtensibilityGlobals) = postSolution
		SolutionGuid = {C4E49A10-0457-485F-AC4D-76FB5BCFB1AE}
	EndGlobalSection
EndGlobal
